
Microsoft Visual Studio Solution File, Format Version 12.00
# Visual Studio Version 16
VisualStudioVersion = 16.0.33423.256
MinimumVisualStudioVersion = 10.0.40219.1
Project("{FAE04EC0-301F-11D3-BF4B-00C04F79EFBC}") = "web project asp", "web project asp.csproj", "{D2FEDD1C-2C2A-4879-A56E-7CF7940FC521}"
EndProject
Global
	GlobalSection(SolutionConfigurationPlatforms) = preSolution
		Debug|Any CPU = Debug|Any CPU
		Release|Any CPU = Release|Any CPU
	EndGlobalSection
	GlobalSection(ProjectConfigurationPlatforms) = postSolution
		{D2FEDD1C-2C2A-4879-A56E-7CF7940FC521}.Debug|Any CPU.ActiveCfg = Debug|Any CPU
		{D2FEDD1C-2C2A-4879-A56E-7CF7940FC521}.Debug|Any CPU.Build.0 = Debug|Any CPU
		{D2FEDD1C-2C2A-4879-A56E-7CF7940FC521}.Release|Any CPU.ActiveCfg = Release|Any CPU
		{D2FEDD1C-2C2A-4879-A56E-7CF7940FC521}.Release|Any CPU.Build.0 = Release|Any CPU
	EndGlobalSection
	GlobalSection(SolutionProperties) = preSolution
		HideSolutionNode = FALSE
	EndGlobalSection
	GlobalSection(ExtensibilityGlobals) = postSolution
		SolutionGuid = {FAE0A226-0042-4B21-B73C-2529B6CC3E55}
	EndGlobalSection
EndGlobal
